
Microsoft Visual Studio Solution File, Format Version 12.00
# Visual Studio Version 17
VisualStudioVersion = 17.5.33414.496
MinimumVisualStudioVersion = 10.0.40219.1
Project("{FAE04EC0-301F-11D3-BF4B-00C04F79EFBC}") = "Pizza Store Managements", "Pizza Store Managements\Pizza Store Managements.csproj", "{EF0919B8-E429-457B-AFAE-78AF67611093}"
EndProject
Global
	GlobalSection(SolutionConfigurationPlatforms) = preSolution
		Debug|Any CPU = Debug|Any CPU
		Release|Any CPU = Release|Any CPU
	EndGlobalSection
	GlobalSection(ProjectConfigurationPlatforms) = postSolution
		{EF0919B8-E429-457B-AFAE-78AF67611093}.Debug|Any CPU.ActiveCfg = Debug|Any CPU
		{EF0919B8-E429-457B-AFAE-78AF67611093}.Debug|Any CPU.Build.0 = Debug|Any CPU
		{EF0919B8-E429-457B-AFAE-78AF67611093}.Release|Any CPU.ActiveCfg = Release|Any CPU
		{EF0919B8-E429-457B-AFAE-78AF67611093}.Release|Any CPU.Build.0 = Release|Any CPU
	EndGlobalSection
	GlobalSection(SolutionProperties) = preSolution
		HideSolutionNode = FALSE
	EndGlobalSection
	GlobalSection(ExtensibilityGlobals) = postSolution
		SolutionGuid = {5CBF4315-0080-417A-8CDF-B854E7002472}
	EndGlobalSection
EndGlobal
